
Microsoft Visual Studio Solution File, Format Version 12.00
# Visual Studio Version 17
VisualStudioVersion = 17.3.32901.215
MinimumVisualStudioVersion = 10.0.40219.1
Project("{FAE04EC0-301F-11D3-BF4B-00C04F79EFBC}") = "Launcher", "Launcher.csproj", "{D3AA2F83-0262-4994-928F-497847A6C8EC}"
EndProject
Project("{8BC9CEB8-8B4A-11D0-8D11-00A0C91BC942}") = "InjectorLib", "..\InjectorLib\InjectorLib.vcxproj", "{6858E5BA-50F9-489C-98BB-69A785A6FF31}"
EndProject
Global
	GlobalSection(SolutionConfigurationPlatforms) = preSolution
		Debug|Any CPU = Debug|Any CPU
		Debug|x64 = Debug|x64
		Debug|x86 = Debug|x86
		Release|Any CPU = Release|Any CPU
		Release|x64 = Release|x64
		Release|x86 = Release|x86
	EndGlobalSection
	GlobalSection(ProjectConfigurationPlatforms) = postSolution
		{D3AA2F83-0262-4994-928F-497847A6C8EC}.Debug|Any CPU.ActiveCfg = Debug|Any CPU
		{D3AA2F83-0262-4994-928F-497847A6C8EC}.Debug|Any CPU.Build.0 = Debug|Any CPU
		{D3AA2F83-0262-4994-928F-497847A6C8EC}.Debug|x64.ActiveCfg = Debug|x64
		{D3AA2F83-0262-4994-928F-497847A6C8EC}.Debug|x64.Build.0 = Debug|x64
		{D3AA2F83-0262-4994-928F-497847A6C8EC}.Debug|x86.ActiveCfg = Debug|Any CPU
		{D3AA2F83-0262-4994-928F-497847A6C8EC}.Debug|x86.Build.0 = Debug|Any CPU
		{D3AA2F83-0262-4994-928F-497847A6C8EC}.Release|Any CPU.ActiveCfg = Release|Any CPU
		{D3AA2F83-0262-4994-928F-497847A6C8EC}.Release|Any CPU.Build.0 = Release|Any CPU
		{D3AA2F83-0262-4994-928F-497847A6C8EC}.Release|x64.ActiveCfg = Release|x64
		{D3AA2F83-0262-4994-928F-497847A6C8EC}.Release|x64.Build.0 = Release|x64
		{D3AA2F83-0262-4994-928F-497847A6C8EC}.Release|x86.ActiveCfg = Release|Any CPU
		{D3AA2F83-0262-4994-928F-497847A6C8EC}.Release|x86.Build.0 = Release|Any CPU
		{6858E5BA-50F9-489C-98BB-69A785A6FF31}.Debug|Any CPU.ActiveCfg = Debug|x64
		{6858E5BA-50F9-489C-98BB-69A785A6FF31}.Debug|Any CPU.Build.0 = Debug|x64
		{6858E5BA-50F9-489C-98BB-69A785A6FF31}.Debug|x64.ActiveCfg = Debug|x64
		{6858E5BA-50F9-489C-98BB-69A785A6FF31}.Debug|x64.Build.0 = Debug|x64
		{6858E5BA-50F9-489C-98BB-69A785A6FF31}.Debug|x86.ActiveCfg = Debug|Win32
		{6858E5BA-50F9-489C-98BB-69A785A6FF31}.Debug|x86.Build.0 = Debug|Win32
		{6858E5BA-50F9-489C-98BB-69A785A6FF31}.Release|Any CPU.ActiveCfg = Release|x64
		{6858E5BA-50F9-489C-98BB-69A785A6FF31}.Release|Any CPU.Build.0 = Release|x64
		{6858E5BA-50F9-489C-98BB-69A785A6FF31}.Release|x64.ActiveCfg = Release|x64
		{6858E5BA-50F9-489C-98BB-69A785A6FF31}.Release|x64.Build.0 = Release|x64
		{6858E5BA-50F9-489C-98BB-69A785A6FF31}.Release|x86.ActiveCfg = Release|Win32
		{6858E5BA-50F9-489C-98BB-69A785A6FF31}.Release|x86.Build.0 = Release|Win32
	EndGlobalSection
	GlobalSection(SolutionProperties) = preSolution
		HideSolutionNode = FALSE
	EndGlobalSection
	GlobalSection(ExtensibilityGlobals) = postSolution
		SolutionGuid = {176C524C-E912-426F-A7B3-ADBCAF646C01}
	EndGlobalSection
EndGlobal
